
Microsoft Visual Studio Solution File, Format Version 12.00
# Visual Studio Version 17
VisualStudioVersion = 17.0.31521.260
MinimumVisualStudioVersion = 10.0.40219.1
Project("{9A19103F-16F7-4668-BE54-9A1E7A4F7556}") = "MemoryMonitoringDomein", "MemoryMonitoringDomein\MemoryMonitoringDomein.csproj", "{A306EEBF-AEA9-4661-9680-2B8223A4EBEA}"
EndProject
Project("{FAE04EC0-301F-11D3-BF4B-00C04F79EFBC}") = "MemoryMonitoringApplication", "MemoryMonitoringApplication\MemoryMonitoringApplication.csproj", "{848D1729-86C5-4679-8BB3-15D227888F3E}"
EndProject
Project("{2150E333-8FDC-42A3-9474-1A3956D46DE8}") = "tests", "tests", "{9F258371-5BE3-4E71-9C1C-E888FEA1AE7E}"
EndProject
Project("{FAE04EC0-301F-11D3-BF4B-00C04F79EFBC}") = "MemoryMonitoringDomeinTest", "tests\MemoryMonitoringDomeinTest\MemoryMonitoringDomeinTest.csproj", "{3975B8BD-0711-48E2-92C9-6BEF47382656}"
EndProject
Global
	GlobalSection(SolutionConfigurationPlatforms) = preSolution
		Debug|Any CPU = Debug|Any CPU
		Debug|x64 = Debug|x64
		Release|Any CPU = Release|Any CPU
		Release|x64 = Release|x64
	EndGlobalSection
	GlobalSection(ProjectConfigurationPlatforms) = postSolution
		{A306EEBF-AEA9-4661-9680-2B8223A4EBEA}.Debug|Any CPU.ActiveCfg = Debug|Any CPU
		{A306EEBF-AEA9-4661-9680-2B8223A4EBEA}.Debug|Any CPU.Build.0 = Debug|Any CPU
		{A306EEBF-AEA9-4661-9680-2B8223A4EBEA}.Debug|x64.ActiveCfg = Debug|Any CPU
		{A306EEBF-AEA9-4661-9680-2B8223A4EBEA}.Debug|x64.Build.0 = Debug|Any CPU
		{A306EEBF-AEA9-4661-9680-2B8223A4EBEA}.Release|Any CPU.ActiveCfg = Release|Any CPU
		{A306EEBF-AEA9-4661-9680-2B8223A4EBEA}.Release|Any CPU.Build.0 = Release|Any CPU
		{A306EEBF-AEA9-4661-9680-2B8223A4EBEA}.Release|x64.ActiveCfg = Release|Any CPU
		{A306EEBF-AEA9-4661-9680-2B8223A4EBEA}.Release|x64.Build.0 = Release|Any CPU
		{848D1729-86C5-4679-8BB3-15D227888F3E}.Debug|Any CPU.ActiveCfg = Debug|Any CPU
		{848D1729-86C5-4679-8BB3-15D227888F3E}.Debug|Any CPU.Build.0 = Debug|Any CPU
		{848D1729-86C5-4679-8BB3-15D227888F3E}.Debug|x64.ActiveCfg = Debug|x64
		{848D1729-86C5-4679-8BB3-15D227888F3E}.Debug|x64.Build.0 = Debug|x64
		{848D1729-86C5-4679-8BB3-15D227888F3E}.Release|Any CPU.ActiveCfg = Release|Any CPU
		{848D1729-86C5-4679-8BB3-15D227888F3E}.Release|Any CPU.Build.0 = Release|Any CPU
		{848D1729-86C5-4679-8BB3-15D227888F3E}.Release|x64.ActiveCfg = Release|x64
		{848D1729-86C5-4679-8BB3-15D227888F3E}.Release|x64.Build.0 = Release|x64
		{3975B8BD-0711-48E2-92C9-6BEF47382656}.Debug|Any CPU.ActiveCfg = Debug|Any CPU
		{3975B8BD-0711-48E2-92C9-6BEF47382656}.Debug|Any CPU.Build.0 = Debug|Any CPU
		{3975B8BD-0711-48E2-92C9-6BEF47382656}.Debug|x64.ActiveCfg = Debug|Any CPU
		{3975B8BD-0711-48E2-92C9-6BEF47382656}.Debug|x64.Build.0 = Debug|Any CPU
		{3975B8BD-0711-48E2-92C9-6BEF47382656}.Release|Any CPU.ActiveCfg = Release|Any CPU
		{3975B8BD-0711-48E2-92C9-6BEF47382656}.Release|Any CPU.Build.0 = Release|Any CPU
		{3975B8BD-0711-48E2-92C9-6BEF47382656}.Release|x64.ActiveCfg = Release|Any CPU
		{3975B8BD-0711-48E2-92C9-6BEF47382656}.Release|x64.Build.0 = Release|Any CPU
	EndGlobalSection
	GlobalSection(SolutionProperties) = preSolution
		HideSolutionNode = FALSE
	EndGlobalSection
	GlobalSection(NestedProjects) = preSolution
		{3975B8BD-0711-48E2-92C9-6BEF47382656} = {9F258371-5BE3-4E71-9C1C-E888FEA1AE7E}
	EndGlobalSection
	GlobalSection(ExtensibilityGlobals) = postSolution
		SolutionGuid = {CDA0E7C8-F8C7-4A46-BC3E-AA81F04F44A9}
	EndGlobalSection
EndGlobal
